
Microsoft Visual Studio Solution File, Format Version 12.00
# Visual Studio Version 17
VisualStudioVersion = 17.3.32825.248
MinimumVisualStudioVersion = 10.0.40219.1
Project("{FAE04EC0-301F-11D3-BF4B-00C04F79EFBC}") = "Algorithm.Linkedlist", "Algorithm.Linkedlist.csproj", "{CBFB0E4B-D203-4BC5-913B-B92228885F1B}"
EndProject
Project("{FAE04EC0-301F-11D3-BF4B-00C04F79EFBC}") = "Algorithm.Stack", "..\Algorithm.Stack\Algorithm.Stack.csproj", "{1E8FDEB0-8610-473B-B563-FC77671ED930}"
EndProject
Project("{FAE04EC0-301F-11D3-BF4B-00C04F79EFBC}") = "Alogorithm.Queue", "..\Alogorithm.Queue\Alogorithm.Queue.csproj", "{32C420DD-0E3A-4A95-858C-C197AFAAE7A7}"
EndProject
Global
	GlobalSection(SolutionConfigurationPlatforms) = preSolution
		Debug|Any CPU = Debug|Any CPU
		Release|Any CPU = Release|Any CPU
	EndGlobalSection
	GlobalSection(ProjectConfigurationPlatforms) = postSolution
		{CBFB0E4B-D203-4BC5-913B-B92228885F1B}.Debug|Any CPU.ActiveCfg = Debug|Any CPU
		{CBFB0E4B-D203-4BC5-913B-B92228885F1B}.Debug|Any CPU.Build.0 = Debug|Any CPU
		{CBFB0E4B-D203-4BC5-913B-B92228885F1B}.Release|Any CPU.ActiveCfg = Release|Any CPU
		{CBFB0E4B-D203-4BC5-913B-B92228885F1B}.Release|Any CPU.Build.0 = Release|Any CPU
		{1E8FDEB0-8610-473B-B563-FC77671ED930}.Debug|Any CPU.ActiveCfg = Debug|Any CPU
		{1E8FDEB0-8610-473B-B563-FC77671ED930}.Debug|Any CPU.Build.0 = Debug|Any CPU
		{1E8FDEB0-8610-473B-B563-FC77671ED930}.Release|Any CPU.ActiveCfg = Release|Any CPU
		{1E8FDEB0-8610-473B-B563-FC77671ED930}.Release|Any CPU.Build.0 = Release|Any CPU
		{32C420DD-0E3A-4A95-858C-C197AFAAE7A7}.Debug|Any CPU.ActiveCfg = Debug|Any CPU
		{32C420DD-0E3A-4A95-858C-C197AFAAE7A7}.Debug|Any CPU.Build.0 = Debug|Any CPU
		{32C420DD-0E3A-4A95-858C-C197AFAAE7A7}.Release|Any CPU.ActiveCfg = Release|Any CPU
		{32C420DD-0E3A-4A95-858C-C197AFAAE7A7}.Release|Any CPU.Build.0 = Release|Any CPU
	EndGlobalSection
	GlobalSection(SolutionProperties) = preSolution
		HideSolutionNode = FALSE
	EndGlobalSection
	GlobalSection(ExtensibilityGlobals) = postSolution
		SolutionGuid = {8E7D7A4C-7478-4C6E-BFDC-DA09B4D30471}
	EndGlobalSection
EndGlobal
